
Microsoft Visual Studio Solution File, Format Version 12.00
# Visual Studio Version 16
VisualStudioVersion = 16.0.29025.244
MinimumVisualStudioVersion = 10.0.40219.1
Project("{9A19103F-16F7-4668-BE54-9A1E7A4F7556}") = "AlphaZeroKerasDotNet", "AlphaZeroKerasDotNet\AlphaZeroKerasDotNet.csproj", "{8DB8520C-A17E-4073-BF06-B69D0AC437C3}"
EndProject
Project("{9A19103F-16F7-4668-BE54-9A1E7A4F7556}") = "GameProject", "GameProject\GameProject.csproj", "{01541573-E7A5-4785-A69B-2BCF40F6527F}"
EndProject
Global
	GlobalSection(SolutionConfigurationPlatforms) = preSolution
		Debug|Any CPU = Debug|Any CPU
		Release|Any CPU = Release|Any CPU
	EndGlobalSection
	GlobalSection(ProjectConfigurationPlatforms) = postSolution
		{8DB8520C-A17E-4073-BF06-B69D0AC437C3}.Debug|Any CPU.ActiveCfg = Debug|Any CPU
		{8DB8520C-A17E-4073-BF06-B69D0AC437C3}.Debug|Any CPU.Build.0 = Debug|Any CPU
		{8DB8520C-A17E-4073-BF06-B69D0AC437C3}.Release|Any CPU.ActiveCfg = Release|Any CPU
		{8DB8520C-A17E-4073-BF06-B69D0AC437C3}.Release|Any CPU.Build.0 = Release|Any CPU
		{01541573-E7A5-4785-A69B-2BCF40F6527F}.Debug|Any CPU.ActiveCfg = Debug|Any CPU
		{01541573-E7A5-4785-A69B-2BCF40F6527F}.Debug|Any CPU.Build.0 = Debug|Any CPU
		{01541573-E7A5-4785-A69B-2BCF40F6527F}.Release|Any CPU.ActiveCfg = Release|Any CPU
		{01541573-E7A5-4785-A69B-2BCF40F6527F}.Release|Any CPU.Build.0 = Release|Any CPU
	EndGlobalSection
	GlobalSection(SolutionProperties) = preSolution
		HideSolutionNode = FALSE
	EndGlobalSection
	GlobalSection(ExtensibilityGlobals) = postSolution
		SolutionGuid = {8320DC7E-6CD6-4F74-9DCD-8A61574598C5}
	EndGlobalSection
EndGlobal
